
Microsoft Visual Studio Solution File, Format Version 12.00
# Visual Studio 14
VisualStudioVersion = 14.0.25420.1
MinimumVisualStudioVersion = 10.0.40219.1
Project("{FAE04EC0-301F-11D3-BF4B-00C04F79EFBC}") = "COMP1004-F2016-Mid-Term-200247921", "COMP1004-F2016-Mid-Term-200247921\COMP1004-F2016-Mid-Term-200247921.csproj", "{041F5F9C-64BD-4614-A9C3-270D77D66BEC}"
EndProject
Global
	GlobalSection(SolutionConfigurationPlatforms) = preSolution
		Debug|Any CPU = Debug|Any CPU
		Release|Any CPU = Release|Any CPU
	EndGlobalSection
	GlobalSection(ProjectConfigurationPlatforms) = postSolution
		{041F5F9C-64BD-4614-A9C3-270D77D66BEC}.Debug|Any CPU.ActiveCfg = Debug|Any CPU
		{041F5F9C-64BD-4614-A9C3-270D77D66BEC}.Debug|Any CPU.Build.0 = Debug|Any CPU
		{041F5F9C-64BD-4614-A9C3-270D77D66BEC}.Release|Any CPU.ActiveCfg = Release|Any CPU
		{041F5F9C-64BD-4614-A9C3-270D77D66BEC}.Release|Any CPU.Build.0 = Release|Any CPU
	EndGlobalSection
	GlobalSection(SolutionProperties) = preSolution
		HideSolutionNode = FALSE
	EndGlobalSection
EndGlobal
